
Microsoft Visual Studio Solution File, Format Version 12.00
# Visual Studio 14
VisualStudioVersion = 14.0.23107.0
MinimumVisualStudioVersion = 10.0.40219.1
Project("{2150E333-8FDC-42A3-9474-1A3956D46DE8}") = "Mobile", "Mobile", "{0F79D18E-2A81-410A-8770-3BC0E1519380}"
EndProject
Project("{2150E333-8FDC-42A3-9474-1A3956D46DE8}") = "Web", "Web", "{4915BB8E-A741-4C9C-BD24-D290367CBBB3}"
EndProject
Project("{2150E333-8FDC-42A3-9474-1A3956D46DE8}") = "Android", "Android", "{8C89F5B2-C25C-4825-A771-9FF0E77B1DCB}"
EndProject
Project("{2150E333-8FDC-42A3-9474-1A3956D46DE8}") = "iOS", "iOS", "{C1A5AE21-F7AC-42C4-AA2B-687DB6D7CC89}"
EndProject
Project("{2150E333-8FDC-42A3-9474-1A3956D46DE8}") = "ConsoleApps", "ConsoleApps", "{FAD63DE0-8B40-48F9-B92E-892C0A1BAC1B}"
EndProject
Project("{FAE04EC0-301F-11D3-BF4B-00C04F79EFBC}") = "DemoMobile", "TemplateMobile\NHibernateMobile\DemoMobile.csproj", "{4888BDC9-F96C-4B7B-A338-AB93091D3EAC}"
EndProject
Project("{FAE04EC0-301F-11D3-BF4B-00C04F79EFBC}") = "Demo.Droid", "TemplateMobile\NHibernateMobile.Droid\Demo.Droid.csproj", "{32DA8184-F908-467B-B8B8-E890C922D8A4}"
EndProject
Project("{FAE04EC0-301F-11D3-BF4B-00C04F79EFBC}") = "Demo.iOS", "TemplateMobile\NHibernateMobile.iOS\Demo.iOS.csproj", "{1D91FCFB-3ABD-4273-A322-C9A525F976DB}"
EndProject
Project("{FAE04EC0-301F-11D3-BF4B-00C04F79EFBC}") = "Demo.Web", "Template.Web\Demo.Web.csproj", "{F179DF68-C70D-4010-A505-1EF5592B15D9}"
EndProject
Project("{FAE04EC0-301F-11D3-BF4B-00C04F79EFBC}") = "Demo.Data", "Template.Data\Demo.Data.csproj", "{33E27344-224E-473D-A914-F6974CDD32D4}"
EndProject
Project("{FAE04EC0-301F-11D3-BF4B-00C04F79EFBC}") = "Demo.Validation", "Template.Validation\Demo.Validation.csproj", "{89C4B71C-E53D-4DE9-8495-D170106066B6}"
EndProject
Project("{FAE04EC0-301F-11D3-BF4B-00C04F79EFBC}") = "Demo.Models", "Template.Models\Demo.Models.csproj", "{D618DDB2-6823-404B-B945-1D38B86A9269}"
EndProject
Project("{FAE04EC0-301F-11D3-BF4B-00C04F79EFBC}") = "Demo.Configuration", "Template.Configuration\Demo.Configuration.csproj", "{6BDBACB7-594A-4445-B29A-78FA23A8A173}"
EndProject
Project("{FAE04EC0-301F-11D3-BF4B-00C04F79EFBC}") = "Demo.Services", "Template.ServicesPortable\Demo.Services.csproj", "{39A595B1-1835-4EDA-801F-93AB9698F096}"
EndProject
Global
	GlobalSection(SolutionConfigurationPlatforms) = preSolution
		Ad-Hoc|Any CPU = Ad-Hoc|Any CPU
		Ad-Hoc|iPhone = Ad-Hoc|iPhone
		Ad-Hoc|iPhoneSimulator = Ad-Hoc|iPhoneSimulator
		AppStore|Any CPU = AppStore|Any CPU
		AppStore|iPhone = AppStore|iPhone
		AppStore|iPhoneSimulator = AppStore|iPhoneSimulator
		Debug|Any CPU = Debug|Any CPU
		Debug|iPhone = Debug|iPhone
		Debug|iPhoneSimulator = Debug|iPhoneSimulator
		Release|Any CPU = Release|Any CPU
		Release|iPhone = Release|iPhone
		Release|iPhoneSimulator = Release|iPhoneSimulator
	EndGlobalSection
	GlobalSection(ProjectConfigurationPlatforms) = postSolution
		{4888BDC9-F96C-4B7B-A338-AB93091D3EAC}.Ad-Hoc|Any CPU.ActiveCfg = Release|Any CPU
		{4888BDC9-F96C-4B7B-A338-AB93091D3EAC}.Ad-Hoc|Any CPU.Build.0 = Release|Any CPU
		{4888BDC9-F96C-4B7B-A338-AB93091D3EAC}.Ad-Hoc|iPhone.ActiveCfg = Release|Any CPU
		{4888BDC9-F96C-4B7B-A338-AB93091D3EAC}.Ad-Hoc|iPhone.Build.0 = Release|Any CPU
		{4888BDC9-F96C-4B7B-A338-AB93091D3EAC}.Ad-Hoc|iPhoneSimulator.ActiveCfg = Release|Any CPU
		{4888BDC9-F96C-4B7B-A338-AB93091D3EAC}.Ad-Hoc|iPhoneSimulator.Build.0 = Release|Any CPU
		{4888BDC9-F96C-4B7B-A338-AB93091D3EAC}.AppStore|Any CPU.ActiveCfg = Release|Any CPU
		{4888BDC9-F96C-4B7B-A338-AB93091D3EAC}.AppStore|Any CPU.Build.0 = Release|Any CPU
		{4888BDC9-F96C-4B7B-A338-AB93091D3EAC}.AppStore|iPhone.ActiveCfg = Release|Any CPU
		{4888BDC9-F96C-4B7B-A338-AB93091D3EAC}.AppStore|iPhone.Build.0 = Release|Any CPU
		{4888BDC9-F96C-4B7B-A338-AB93091D3EAC}.AppStore|iPhoneSimulator.ActiveCfg = Release|Any CPU
		{4888BDC9-F96C-4B7B-A338-AB93091D3EAC}.AppStore|iPhoneSimulator.Build.0 = Release|Any CPU
		{4888BDC9-F96C-4B7B-A338-AB93091D3EAC}.Debug|Any CPU.ActiveCfg = Debug|Any CPU
		{4888BDC9-F96C-4B7B-A338-AB93091D3EAC}.Debug|Any CPU.Build.0 = Debug|Any CPU
		{4888BDC9-F96C-4B7B-A338-AB93091D3EAC}.Debug|iPhone.ActiveCfg = Debug|Any CPU
		{4888BDC9-F96C-4B7B-A338-AB93091D3EAC}.Debug|iPhone.Build.0 = Debug|Any CPU
		{4888BDC9-F96C-4B7B-A338-AB93091D3EAC}.Debug|iPhoneSimulator.ActiveCfg = Debug|Any CPU
		{4888BDC9-F96C-4B7B-A338-AB93091D3EAC}.Debug|iPhoneSimulator.Build.0 = Debug|Any CPU
		{4888BDC9-F96C-4B7B-A338-AB93091D3EAC}.Release|Any CPU.ActiveCfg = Release|Any CPU
		{4888BDC9-F96C-4B7B-A338-AB93091D3EAC}.Release|Any CPU.Build.0 = Release|Any CPU
		{4888BDC9-F96C-4B7B-A338-AB93091D3EAC}.Release|iPhone.ActiveCfg = Release|Any CPU
		{4888BDC9-F96C-4B7B-A338-AB93091D3EAC}.Release|iPhone.Build.0 = Release|Any CPU
		{4888BDC9-F96C-4B7B-A338-AB93091D3EAC}.Release|iPhoneSimulator.ActiveCfg = Release|Any CPU
		{4888BDC9-F96C-4B7B-A338-AB93091D3EAC}.Release|iPhoneSimulator.Build.0 = Release|Any CPU
		{32DA8184-F908-467B-B8B8-E890C922D8A4}.Ad-Hoc|Any CPU.ActiveCfg = Release|Any CPU
		{32DA8184-F908-467B-B8B8-E890C922D8A4}.Ad-Hoc|Any CPU.Build.0 = Release|Any CPU
		{32DA8184-F908-467B-B8B8-E890C922D8A4}.Ad-Hoc|Any CPU.Deploy.0 = Release|Any CPU
		{32DA8184-F908-467B-B8B8-E890C922D8A4}.Ad-Hoc|iPhone.ActiveCfg = Release|Any CPU
		{32DA8184-F908-467B-B8B8-E890C922D8A4}.Ad-Hoc|iPhone.Build.0 = Release|Any CPU
		{32DA8184-F908-467B-B8B8-E890C922D8A4}.Ad-Hoc|iPhone.Deploy.0 = Release|Any CPU
		{32DA8184-F908-467B-B8B8-E890C922D8A4}.Ad-Hoc|iPhoneSimulator.ActiveCfg = Release|Any CPU
		{32DA8184-F908-467B-B8B8-E890C922D8A4}.Ad-Hoc|iPhoneSimulator.Build.0 = Release|Any CPU
		{32DA8184-F908-467B-B8B8-E890C922D8A4}.Ad-Hoc|iPhoneSimulator.Deploy.0 = Release|Any CPU
		{32DA8184-F908-467B-B8B8-E890C922D8A4}.AppStore|Any CPU.ActiveCfg = Release|Any CPU
		{32DA8184-F908-467B-B8B8-E890C922D8A4}.AppStore|Any CPU.Build.0 = Release|Any CPU
		{32DA8184-F908-467B-B8B8-E890C922D8A4}.AppStore|Any CPU.Deploy.0 = Release|Any CPU
		{32DA8184-F908-467B-B8B8-E890C922D8A4}.AppStore|iPhone.ActiveCfg = Release|Any CPU
		{32DA8184-F908-467B-B8B8-E890C922D8A4}.AppStore|iPhone.Build.0 = Release|Any CPU
		{32DA8184-F908-467B-B8B8-E890C922D8A4}.AppStore|iPhone.Deploy.0 = Release|Any CPU
		{32DA8184-F908-467B-B8B8-E890C922D8A4}.AppStore|iPhoneSimulator.ActiveCfg = Release|Any CPU
		{32DA8184-F908-467B-B8B8-E890C922D8A4}.AppStore|iPhoneSimulator.Build.0 = Release|Any CPU
		{32DA8184-F908-467B-B8B8-E890C922D8A4}.AppStore|iPhoneSimulator.Deploy.0 = Release|Any CPU
		{32DA8184-F908-467B-B8B8-E890C922D8A4}.Debug|Any CPU.ActiveCfg = Debug|Any CPU
		{32DA8184-F908-467B-B8B8-E890C922D8A4}.Debug|Any CPU.Build.0 = Debug|Any CPU
		{32DA8184-F908-467B-B8B8-E890C922D8A4}.Debug|Any CPU.Deploy.0 = Debug|Any CPU
		{32DA8184-F908-467B-B8B8-E890C922D8A4}.Debug|iPhone.ActiveCfg = Debug|Any CPU
		{32DA8184-F908-467B-B8B8-E890C922D8A4}.Debug|iPhone.Build.0 = Debug|Any CPU
		{32DA8184-F908-467B-B8B8-E890C922D8A4}.Debug|iPhone.Deploy.0 = Debug|Any CPU
		{32DA8184-F908-467B-B8B8-E890C922D8A4}.Debug|iPhoneSimulator.ActiveCfg = Debug|Any CPU
		{32DA8184-F908-467B-B8B8-E890C922D8A4}.Debug|iPhoneSimulator.Build.0 = Debug|Any CPU
		{32DA8184-F908-467B-B8B8-E890C922D8A4}.Debug|iPhoneSimulator.Deploy.0 = Debug|Any CPU
		{32DA8184-F908-467B-B8B8-E890C922D8A4}.Release|Any CPU.ActiveCfg = Release|Any CPU
		{32DA8184-F908-467B-B8B8-E890C922D8A4}.Release|Any CPU.Build.0 = Release|Any CPU
		{32DA8184-F908-467B-B8B8-E890C922D8A4}.Release|Any CPU.Deploy.0 = Release|Any CPU
		{32DA8184-F908-467B-B8B8-E890C922D8A4}.Release|iPhone.ActiveCfg = Release|Any CPU
		{32DA8184-F908-467B-B8B8-E890C922D8A4}.Release|iPhone.Build.0 = Release|Any CPU
		{32DA8184-F908-467B-B8B8-E890C922D8A4}.Release|iPhone.Deploy.0 = Release|Any CPU
		{32DA8184-F908-467B-B8B8-E890C922D8A4}.Release|iPhoneSimulator.ActiveCfg = Release|Any CPU
		{32DA8184-F908-467B-B8B8-E890C922D8A4}.Release|iPhoneSimulator.Build.0 = Release|Any CPU
		{32DA8184-F908-467B-B8B8-E890C922D8A4}.Release|iPhoneSimulator.Deploy.0 = Release|Any CPU
		{1D91FCFB-3ABD-4273-A322-C9A525F976DB}.Ad-Hoc|Any CPU.ActiveCfg = Ad-Hoc|iPhone
		{1D91FCFB-3ABD-4273-A322-C9A525F976DB}.Ad-Hoc|iPhone.ActiveCfg = Ad-Hoc|iPhone
		{1D91FCFB-3ABD-4273-A322-C9A525F976DB}.Ad-Hoc|iPhone.Build.0 = Ad-Hoc|iPhone
		{1D91FCFB-3ABD-4273-A322-C9A525F976DB}.Ad-Hoc|iPhoneSimulator.ActiveCfg = Ad-Hoc|iPhoneSimulator
		{1D91FCFB-3ABD-4273-A322-C9A525F976DB}.Ad-Hoc|iPhoneSimulator.Build.0 = Ad-Hoc|iPhoneSimulator
		{1D91FCFB-3ABD-4273-A322-C9A525F976DB}.AppStore|Any CPU.ActiveCfg = AppStore|iPhone
		{1D91FCFB-3ABD-4273-A322-C9A525F976DB}.AppStore|iPhone.ActiveCfg = AppStore|iPhone
		{1D91FCFB-3ABD-4273-A322-C9A525F976DB}.AppStore|iPhone.Build.0 = AppStore|iPhone
		{1D91FCFB-3ABD-4273-A322-C9A525F976DB}.AppStore|iPhoneSimulator.ActiveCfg = AppStore|iPhoneSimulator
		{1D91FCFB-3ABD-4273-A322-C9A525F976DB}.AppStore|iPhoneSimulator.Build.0 = AppStore|iPhoneSimulator
		{1D91FCFB-3ABD-4273-A322-C9A525F976DB}.Debug|Any CPU.ActiveCfg = Debug|iPhone
		{1D91FCFB-3ABD-4273-A322-C9A525F976DB}.Debug|iPhone.ActiveCfg = Debug|iPhone
		{1D91FCFB-3ABD-4273-A322-C9A525F976DB}.Debug|iPhone.Build.0 = Debug|iPhone
		{1D91FCFB-3ABD-4273-A322-C9A525F976DB}.Debug|iPhoneSimulator.ActiveCfg = Debug|iPhoneSimulator
		{1D91FCFB-3ABD-4273-A322-C9A525F976DB}.Debug|iPhoneSimulator.Build.0 = Debug|iPhoneSimulator
		{1D91FCFB-3ABD-4273-A322-C9A525F976DB}.Release|Any CPU.ActiveCfg = Release|iPhone
		{1D91FCFB-3ABD-4273-A322-C9A525F976DB}.Release|iPhone.ActiveCfg = Release|iPhone
		{1D91FCFB-3ABD-4273-A322-C9A525F976DB}.Release|iPhone.Build.0 = Release|iPhone
		{1D91FCFB-3ABD-4273-A322-C9A525F976DB}.Release|iPhoneSimulator.ActiveCfg = Release|iPhoneSimulator
		{1D91FCFB-3ABD-4273-A322-C9A525F976DB}.Release|iPhoneSimulator.Build.0 = Release|iPhoneSimulator
		{F179DF68-C70D-4010-A505-1EF5592B15D9}.Ad-Hoc|Any CPU.ActiveCfg = Release|Any CPU
		{F179DF68-C70D-4010-A505-1EF5592B15D9}.Ad-Hoc|Any CPU.Build.0 = Release|Any CPU
		{F179DF68-C70D-4010-A505-1EF5592B15D9}.Ad-Hoc|iPhone.ActiveCfg = Release|Any CPU
		{F179DF68-C70D-4010-A505-1EF5592B15D9}.Ad-Hoc|iPhone.Build.0 = Release|Any CPU
		{F179DF68-C70D-4010-A505-1EF5592B15D9}.Ad-Hoc|iPhoneSimulator.ActiveCfg = Release|Any CPU
		{F179DF68-C70D-4010-A505-1EF5592B15D9}.Ad-Hoc|iPhoneSimulator.Build.0 = Release|Any CPU
		{F179DF68-C70D-4010-A505-1EF5592B15D9}.AppStore|Any CPU.ActiveCfg = Release|Any CPU
		{F179DF68-C70D-4010-A505-1EF5592B15D9}.AppStore|Any CPU.Build.0 = Release|Any CPU
		{F179DF68-C70D-4010-A505-1EF5592B15D9}.AppStore|iPhone.ActiveCfg = Release|Any CPU
		{F179DF68-C70D-4010-A505-1EF5592B15D9}.AppStore|iPhone.Build.0 = Release|Any CPU
		{F179DF68-C70D-4010-A505-1EF5592B15D9}.AppStore|iPhoneSimulator.ActiveCfg = Release|Any CPU
		{F179DF68-C70D-4010-A505-1EF5592B15D9}.AppStore|iPhoneSimulator.Build.0 = Release|Any CPU
		{F179DF68-C70D-4010-A505-1EF5592B15D9}.Debug|Any CPU.ActiveCfg = Debug|Any CPU
		{F179DF68-C70D-4010-A505-1EF5592B15D9}.Debug|Any CPU.Build.0 = Debug|Any CPU
		{F179DF68-C70D-4010-A505-1EF5592B15D9}.Debug|iPhone.ActiveCfg = Debug|Any CPU
		{F179DF68-C70D-4010-A505-1EF5592B15D9}.Debug|iPhone.Build.0 = Debug|Any CPU
		{F179DF68-C70D-4010-A505-1EF5592B15D9}.Debug|iPhoneSimulator.ActiveCfg = Debug|Any CPU
		{F179DF68-C70D-4010-A505-1EF5592B15D9}.Debug|iPhoneSimulator.Build.0 = Debug|Any CPU
		{F179DF68-C70D-4010-A505-1EF5592B15D9}.Release|Any CPU.ActiveCfg = Release|Any CPU
		{F179DF68-C70D-4010-A505-1EF5592B15D9}.Release|Any CPU.Build.0 = Release|Any CPU
		{F179DF68-C70D-4010-A505-1EF5592B15D9}.Release|iPhone.ActiveCfg = Release|Any CPU
		{F179DF68-C70D-4010-A505-1EF5592B15D9}.Release|iPhone.Build.0 = Release|Any CPU
		{F179DF68-C70D-4010-A505-1EF5592B15D9}.Release|iPhoneSimulator.ActiveCfg = Release|Any CPU
		{F179DF68-C70D-4010-A505-1EF5592B15D9}.Release|iPhoneSimulator.Build.0 = Release|Any CPU
		{33E27344-224E-473D-A914-F6974CDD32D4}.Ad-Hoc|Any CPU.ActiveCfg = Release|Any CPU
		{33E27344-224E-473D-A914-F6974CDD32D4}.Ad-Hoc|Any CPU.Build.0 = Release|Any CPU
		{33E27344-224E-473D-A914-F6974CDD32D4}.Ad-Hoc|iPhone.ActiveCfg = Release|Any CPU
		{33E27344-224E-473D-A914-F6974CDD32D4}.Ad-Hoc|iPhone.Build.0 = Release|Any CPU
		{33E27344-224E-473D-A914-F6974CDD32D4}.Ad-Hoc|iPhoneSimulator.ActiveCfg = Release|Any CPU
		{33E27344-224E-473D-A914-F6974CDD32D4}.Ad-Hoc|iPhoneSimulator.Build.0 = Release|Any CPU
		{33E27344-224E-473D-A914-F6974CDD32D4}.AppStore|Any CPU.ActiveCfg = Release|Any CPU
		{33E27344-224E-473D-A914-F6974CDD32D4}.AppStore|Any CPU.Build.0 = Release|Any CPU
		{33E27344-224E-473D-A914-F6974CDD32D4}.AppStore|iPhone.ActiveCfg = Release|Any CPU
		{33E27344-224E-473D-A914-F6974CDD32D4}.AppStore|iPhone.Build.0 = Release|Any CPU
		{33E27344-224E-473D-A914-F6974CDD32D4}.AppStore|iPhoneSimulator.ActiveCfg = Release|Any CPU
		{33E27344-224E-473D-A914-F6974CDD32D4}.AppStore|iPhoneSimulator.Build.0 = Release|Any CPU
		{33E27344-224E-473D-A914-F6974CDD32D4}.Debug|Any CPU.ActiveCfg = Debug|Any CPU
		{33E27344-224E-473D-A914-F6974CDD32D4}.Debug|Any CPU.Build.0 = Debug|Any CPU
		{33E27344-224E-473D-A914-F6974CDD32D4}.Debug|iPhone.ActiveCfg = Debug|Any CPU
		{33E27344-224E-473D-A914-F6974CDD32D4}.Debug|iPhone.Build.0 = Debug|Any CPU
		{33E27344-224E-473D-A914-F6974CDD32D4}.Debug|iPhoneSimulator.ActiveCfg = Debug|Any CPU
		{33E27344-224E-473D-A914-F6974CDD32D4}.Debug|iPhoneSimulator.Build.0 = Debug|Any CPU
		{33E27344-224E-473D-A914-F6974CDD32D4}.Release|Any CPU.ActiveCfg = Release|Any CPU
		{33E27344-224E-473D-A914-F6974CDD32D4}.Release|Any CPU.Build.0 = Release|Any CPU
		{33E27344-224E-473D-A914-F6974CDD32D4}.Release|iPhone.ActiveCfg = Release|Any CPU
		{33E27344-224E-473D-A914-F6974CDD32D4}.Release|iPhone.Build.0 = Release|Any CPU
		{33E27344-224E-473D-A914-F6974CDD32D4}.Release|iPhoneSimulator.ActiveCfg = Release|Any CPU
		{33E27344-224E-473D-A914-F6974CDD32D4}.Release|iPhoneSimulator.Build.0 = Release|Any CPU
		{89C4B71C-E53D-4DE9-8495-D170106066B6}.Ad-Hoc|Any CPU.ActiveCfg = Release|Any CPU
		{89C4B71C-E53D-4DE9-8495-D170106066B6}.Ad-Hoc|Any CPU.Build.0 = Release|Any CPU
		{89C4B71C-E53D-4DE9-8495-D170106066B6}.Ad-Hoc|iPhone.ActiveCfg = Release|Any CPU
		{89C4B71C-E53D-4DE9-8495-D170106066B6}.Ad-Hoc|iPhone.Build.0 = Release|Any CPU
		{89C4B71C-E53D-4DE9-8495-D170106066B6}.Ad-Hoc|iPhoneSimulator.ActiveCfg = Release|Any CPU
		{89C4B71C-E53D-4DE9-8495-D170106066B6}.Ad-Hoc|iPhoneSimulator.Build.0 = Release|Any CPU
		{89C4B71C-E53D-4DE9-8495-D170106066B6}.AppStore|Any CPU.ActiveCfg = Release|Any CPU
		{89C4B71C-E53D-4DE9-8495-D170106066B6}.AppStore|Any CPU.Build.0 = Release|Any CPU
		{89C4B71C-E53D-4DE9-8495-D170106066B6}.AppStore|iPhone.ActiveCfg = Release|Any CPU
		{89C4B71C-E53D-4DE9-8495-D170106066B6}.AppStore|iPhone.Build.0 = Release|Any CPU
		{89C4B71C-E53D-4DE9-8495-D170106066B6}.AppStore|iPhoneSimulator.ActiveCfg = Release|Any CPU
		{89C4B71C-E53D-4DE9-8495-D170106066B6}.AppStore|iPhoneSimulator.Build.0 = Release|Any CPU
		{89C4B71C-E53D-4DE9-8495-D170106066B6}.Debug|Any CPU.ActiveCfg = Debug|Any CPU
		{89C4B71C-E53D-4DE9-8495-D170106066B6}.Debug|Any CPU.Build.0 = Debug|Any CPU
		{89C4B71C-E53D-4DE9-8495-D170106066B6}.Debug|iPhone.ActiveCfg = Debug|Any CPU
		{89C4B71C-E53D-4DE9-8495-D170106066B6}.Debug|iPhone.Build.0 = Debug|Any CPU
		{89C4B71C-E53D-4DE9-8495-D170106066B6}.Debug|iPhoneSimulator.ActiveCfg = Debug|Any CPU
		{89C4B71C-E53D-4DE9-8495-D170106066B6}.Debug|iPhoneSimulator.Build.0 = Debug|Any CPU
		{89C4B71C-E53D-4DE9-8495-D170106066B6}.Release|Any CPU.ActiveCfg = Release|Any CPU
		{89C4B71C-E53D-4DE9-8495-D170106066B6}.Release|Any CPU.Build.0 = Release|Any CPU
		{89C4B71C-E53D-4DE9-8495-D170106066B6}.Release|iPhone.ActiveCfg = Release|Any CPU
		{89C4B71C-E53D-4DE9-8495-D170106066B6}.Release|iPhone.Build.0 = Release|Any CPU
		{89C4B71C-E53D-4DE9-8495-D170106066B6}.Release|iPhoneSimulator.ActiveCfg = Release|Any CPU
		{89C4B71C-E53D-4DE9-8495-D170106066B6}.Release|iPhoneSimulator.Build.0 = Release|Any CPU
		{D618DDB2-6823-404B-B945-1D38B86A9269}.Ad-Hoc|Any CPU.ActiveCfg = Release|Any CPU
		{D618DDB2-6823-404B-B945-1D38B86A9269}.Ad-Hoc|Any CPU.Build.0 = Release|Any CPU
		{D618DDB2-6823-404B-B945-1D38B86A9269}.Ad-Hoc|iPhone.ActiveCfg = Release|Any CPU
		{D618DDB2-6823-404B-B945-1D38B86A9269}.Ad-Hoc|iPhone.Build.0 = Release|Any CPU
		{D618DDB2-6823-404B-B945-1D38B86A9269}.Ad-Hoc|iPhoneSimulator.ActiveCfg = Release|Any CPU
		{D618DDB2-6823-404B-B945-1D38B86A9269}.Ad-Hoc|iPhoneSimulator.Build.0 = Release|Any CPU
		{D618DDB2-6823-404B-B945-1D38B86A9269}.AppStore|Any CPU.ActiveCfg = Release|Any CPU
		{D618DDB2-6823-404B-B945-1D38B86A9269}.AppStore|Any CPU.Build.0 = Release|Any CPU
		{D618DDB2-6823-404B-B945-1D38B86A9269}.AppStore|iPhone.ActiveCfg = Release|Any CPU
		{D618DDB2-6823-404B-B945-1D38B86A9269}.AppStore|iPhone.Build.0 = Release|Any CPU
		{D618DDB2-6823-404B-B945-1D38B86A9269}.AppStore|iPhoneSimulator.ActiveCfg = Release|Any CPU
		{D618DDB2-6823-404B-B945-1D38B86A9269}.AppStore|iPhoneSimulator.Build.0 = Release|Any CPU
		{D618DDB2-6823-404B-B945-1D38B86A9269}.Debug|Any CPU.ActiveCfg = Debug|Any CPU
		{D618DDB2-6823-404B-B945-1D38B86A9269}.Debug|Any CPU.Build.0 = Debug|Any CPU
		{D618DDB2-6823-404B-B945-1D38B86A9269}.Debug|iPhone.ActiveCfg = Debug|Any CPU
		{D618DDB2-6823-404B-B945-1D38B86A9269}.Debug|iPhone.Build.0 = Debug|Any CPU
		{D618DDB2-6823-404B-B945-1D38B86A9269}.Debug|iPhoneSimulator.ActiveCfg = Debug|Any CPU
		{D618DDB2-6823-404B-B945-1D38B86A9269}.Debug|iPhoneSimulator.Build.0 = Debug|Any CPU
		{D618DDB2-6823-404B-B945-1D38B86A9269}.Release|Any CPU.ActiveCfg = Release|Any CPU
		{D618DDB2-6823-404B-B945-1D38B86A9269}.Release|Any CPU.Build.0 = Release|Any CPU
		{D618DDB2-6823-404B-B945-1D38B86A9269}.Release|iPhone.ActiveCfg = Release|Any CPU
		{D618DDB2-6823-404B-B945-1D38B86A9269}.Release|iPhone.Build.0 = Release|Any CPU
		{D618DDB2-6823-404B-B945-1D38B86A9269}.Release|iPhoneSimulator.ActiveCfg = Release|Any CPU
		{D618DDB2-6823-404B-B945-1D38B86A9269}.Release|iPhoneSimulator.Build.0 = Release|Any CPU
		{6BDBACB7-594A-4445-B29A-78FA23A8A173}.Ad-Hoc|Any CPU.ActiveCfg = Release|Any CPU
		{6BDBACB7-594A-4445-B29A-78FA23A8A173}.Ad-Hoc|Any CPU.Build.0 = Release|Any CPU
		{6BDBACB7-594A-4445-B29A-78FA23A8A173}.Ad-Hoc|iPhone.ActiveCfg = Release|Any CPU
		{6BDBACB7-594A-4445-B29A-78FA23A8A173}.Ad-Hoc|iPhone.Build.0 = Release|Any CPU
		{6BDBACB7-594A-4445-B29A-78FA23A8A173}.Ad-Hoc|iPhoneSimulator.ActiveCfg = Release|Any CPU
		{6BDBACB7-594A-4445-B29A-78FA23A8A173}.Ad-Hoc|iPhoneSimulator.Build.0 = Release|Any CPU
		{6BDBACB7-594A-4445-B29A-78FA23A8A173}.AppStore|Any CPU.ActiveCfg = Release|Any CPU
		{6BDBACB7-594A-4445-B29A-78FA23A8A173}.AppStore|Any CPU.Build.0 = Release|Any CPU
		{6BDBACB7-594A-4445-B29A-78FA23A8A173}.AppStore|iPhone.ActiveCfg = Release|Any CPU
		{6BDBACB7-594A-4445-B29A-78FA23A8A173}.AppStore|iPhone.Build.0 = Release|Any CPU
		{6BDBACB7-594A-4445-B29A-78FA23A8A173}.AppStore|iPhoneSimulator.ActiveCfg = Release|Any CPU
		{6BDBACB7-594A-4445-B29A-78FA23A8A173}.AppStore|iPhoneSimulator.Build.0 = Release|Any CPU
		{6BDBACB7-594A-4445-B29A-78FA23A8A173}.Debug|Any CPU.ActiveCfg = Debug|Any CPU
		{6BDBACB7-594A-4445-B29A-78FA23A8A173}.Debug|Any CPU.Build.0 = Debug|Any CPU
		{6BDBACB7-594A-4445-B29A-78FA23A8A173}.Debug|iPhone.ActiveCfg = Debug|Any CPU
		{6BDBACB7-594A-4445-B29A-78FA23A8A173}.Debug|iPhone.Build.0 = Debug|Any CPU
		{6BDBACB7-594A-4445-B29A-78FA23A8A173}.Debug|iPhoneSimulator.ActiveCfg = Debug|Any CPU
		{6BDBACB7-594A-4445-B29A-78FA23A8A173}.Debug|iPhoneSimulator.Build.0 = Debug|Any CPU
		{6BDBACB7-594A-4445-B29A-78FA23A8A173}.Release|Any CPU.ActiveCfg = Release|Any CPU
		{6BDBACB7-594A-4445-B29A-78FA23A8A173}.Release|Any CPU.Build.0 = Release|Any CPU
		{6BDBACB7-594A-4445-B29A-78FA23A8A173}.Release|iPhone.ActiveCfg = Release|Any CPU
		{6BDBACB7-594A-4445-B29A-78FA23A8A173}.Release|iPhone.Build.0 = Release|Any CPU
		{6BDBACB7-594A-4445-B29A-78FA23A8A173}.Release|iPhoneSimulator.ActiveCfg = Release|Any CPU
		{6BDBACB7-594A-4445-B29A-78FA23A8A173}.Release|iPhoneSimulator.Build.0 = Release|Any CPU
		{39A595B1-1835-4EDA-801F-93AB9698F096}.Ad-Hoc|Any CPU.ActiveCfg = Release|Any CPU
		{39A595B1-1835-4EDA-801F-93AB9698F096}.Ad-Hoc|Any CPU.Build.0 = Release|Any CPU
		{39A595B1-1835-4EDA-801F-93AB9698F096}.Ad-Hoc|iPhone.ActiveCfg = Release|Any CPU
		{39A595B1-1835-4EDA-801F-93AB9698F096}.Ad-Hoc|iPhone.Build.0 = Release|Any CPU
		{39A595B1-1835-4EDA-801F-93AB9698F096}.Ad-Hoc|iPhoneSimulator.ActiveCfg = Release|Any CPU
		{39A595B1-1835-4EDA-801F-93AB9698F096}.Ad-Hoc|iPhoneSimulator.Build.0 = Release|Any CPU
		{39A595B1-1835-4EDA-801F-93AB9698F096}.AppStore|Any CPU.ActiveCfg = Release|Any CPU
		{39A595B1-1835-4EDA-801F-93AB9698F096}.AppStore|Any CPU.Build.0 = Release|Any CPU
		{39A595B1-1835-4EDA-801F-93AB9698F096}.AppStore|iPhone.ActiveCfg = Release|Any CPU
		{39A595B1-1835-4EDA-801F-93AB9698F096}.AppStore|iPhone.Build.0 = Release|Any CPU
		{39A595B1-1835-4EDA-801F-93AB9698F096}.AppStore|iPhoneSimulator.ActiveCfg = Release|Any CPU
		{39A595B1-1835-4EDA-801F-93AB9698F096}.AppStore|iPhoneSimulator.Build.0 = Release|Any CPU
		{39A595B1-1835-4EDA-801F-93AB9698F096}.Debug|Any CPU.ActiveCfg = Debug|Any CPU
		{39A595B1-1835-4EDA-801F-93AB9698F096}.Debug|Any CPU.Build.0 = Debug|Any CPU
		{39A595B1-1835-4EDA-801F-93AB9698F096}.Debug|iPhone.ActiveCfg = Debug|Any CPU
		{39A595B1-1835-4EDA-801F-93AB9698F096}.Debug|iPhone.Build.0 = Debug|Any CPU
		{39A595B1-1835-4EDA-801F-93AB9698F096}.Debug|iPhoneSimulator.ActiveCfg = Debug|Any CPU
		{39A595B1-1835-4EDA-801F-93AB9698F096}.Debug|iPhoneSimulator.Build.0 = Debug|Any CPU
		{39A595B1-1835-4EDA-801F-93AB9698F096}.Release|Any CPU.ActiveCfg = Release|Any CPU
		{39A595B1-1835-4EDA-801F-93AB9698F096}.Release|Any CPU.Build.0 = Release|Any CPU
		{39A595B1-1835-4EDA-801F-93AB9698F096}.Release|iPhone.ActiveCfg = Release|Any CPU
		{39A595B1-1835-4EDA-801F-93AB9698F096}.Release|iPhone.Build.0 = Release|Any CPU
		{39A595B1-1835-4EDA-801F-93AB9698F096}.Release|iPhoneSimulator.ActiveCfg = Release|Any CPU
		{39A595B1-1835-4EDA-801F-93AB9698F096}.Release|iPhoneSimulator.Build.0 = Release|Any CPU
	EndGlobalSection
	GlobalSection(SolutionProperties) = preSolution
		HideSolutionNode = FALSE
	EndGlobalSection
	GlobalSection(NestedProjects) = preSolution
		{8C89F5B2-C25C-4825-A771-9FF0E77B1DCB} = {0F79D18E-2A81-410A-8770-3BC0E1519380}
		{C1A5AE21-F7AC-42C4-AA2B-687DB6D7CC89} = {0F79D18E-2A81-410A-8770-3BC0E1519380}
		{4888BDC9-F96C-4B7B-A338-AB93091D3EAC} = {0F79D18E-2A81-410A-8770-3BC0E1519380}
		{32DA8184-F908-467B-B8B8-E890C922D8A4} = {8C89F5B2-C25C-4825-A771-9FF0E77B1DCB}
		{1D91FCFB-3ABD-4273-A322-C9A525F976DB} = {C1A5AE21-F7AC-42C4-AA2B-687DB6D7CC89}
		{F179DF68-C70D-4010-A505-1EF5592B15D9} = {4915BB8E-A741-4C9C-BD24-D290367CBBB3}
		{33E27344-224E-473D-A914-F6974CDD32D4} = {4915BB8E-A741-4C9C-BD24-D290367CBBB3}
	EndGlobalSection
EndGlobal
